
Microsoft Visual Studio Solution File, Format Version 12.00
# Visual Studio Version 16
VisualStudioVersion = 16.0.30611.23
MinimumVisualStudioVersion = 10.0.40219.1
Project("{2150E333-8FDC-42A3-9474-1A3956D46DE8}") = "Aulas", "Aulas", "{6474456B-3094-4366-B537-73466B93B359}"
EndProject
Project("{2150E333-8FDC-42A3-9474-1A3956D46DE8}") = "Aula3", "Aula3", "{F8AABE9C-FC3D-4722-8662-E473F6C058B1}"
EndProject
Project("{2150E333-8FDC-42A3-9474-1A3956D46DE8}") = "depois", "depois", "{258F8B52-EB83-44DC-BDB5-F9D7756660F2}"
EndProject
Project("{9A19103F-16F7-4668-BE54-9A1E7A4F7556}") = "CasaDoCodigo.aula3.depois", "Aulas\Aula3\depois\CasaDoCodigo\CasaDoCodigo.aula3.depois.csproj", "{1513DBD2-5D0F-44AE-B032-A836CA285CB1}"
EndProject
Global
	GlobalSection(SolutionConfigurationPlatforms) = preSolution
		Debug|Any CPU = Debug|Any CPU
		Release|Any CPU = Release|Any CPU
	EndGlobalSection
	GlobalSection(ProjectConfigurationPlatforms) = postSolution
		{1513DBD2-5D0F-44AE-B032-A836CA285CB1}.Debug|Any CPU.ActiveCfg = Debug|Any CPU
		{1513DBD2-5D0F-44AE-B032-A836CA285CB1}.Debug|Any CPU.Build.0 = Debug|Any CPU
		{1513DBD2-5D0F-44AE-B032-A836CA285CB1}.Release|Any CPU.ActiveCfg = Release|Any CPU
		{1513DBD2-5D0F-44AE-B032-A836CA285CB1}.Release|Any CPU.Build.0 = Release|Any CPU
	EndGlobalSection
	GlobalSection(SolutionProperties) = preSolution
		HideSolutionNode = FALSE
	EndGlobalSection
	GlobalSection(NestedProjects) = preSolution
		{F8AABE9C-FC3D-4722-8662-E473F6C058B1} = {6474456B-3094-4366-B537-73466B93B359}
		{258F8B52-EB83-44DC-BDB5-F9D7756660F2} = {F8AABE9C-FC3D-4722-8662-E473F6C058B1}
		{1513DBD2-5D0F-44AE-B032-A836CA285CB1} = {258F8B52-EB83-44DC-BDB5-F9D7756660F2}
	EndGlobalSection
	GlobalSection(ExtensibilityGlobals) = postSolution
		SolutionGuid = {6FED210B-3460-45CF-9C4D-877F0D63546F}
	EndGlobalSection
EndGlobal
